// !$*UTF8*$!
{
	archiveVersion = 1;
	classes = {
	};
	objectVersion = 46;
	objects = {

/* Begin PBXBuildFile section */
		AF7DD4D31ED3AA28005C880E /* AppDelegate.swift in Sources */ = {isa = PBXBuildFile; fileRef = AF7DD4D21ED3AA28005C880E /* AppDelegate.swift */; };
		AF7DD4D51ED3AA28005C880E /* CameraMode.swift in Sources */ = {isa = PBXBuildFile; fileRef = AF7DD4D41ED3AA28005C880E /* CameraMode.swift */; };
		AF7DD4D81ED3AA28005C880E /* Main.storyboard in Resources */ = {isa = PBXBuildFile; fileRef = AF7DD4D61ED3AA28005C880E /* Main.storyboard */; };
		AF7DD4DA1ED3AA28005C880E /* Assets.xcassets in Resources */ = {isa = PBXBuildFile; fileRef = AF7DD4D91ED3AA28005C880E /* Assets.xcassets */; };
		AF7DD4DD1ED3AA28005C880E /* LaunchScreen.storyboard in Resources */ = {isa = PBXBuildFile; fileRef = AF7DD4DB1ED3AA28005C880E /* LaunchScreen.storyboard */; };
		E04895C22175040800BD978F /* DeletePhoto.swift in Sources */ = {isa = PBXBuildFile; fileRef = E04895C12175040800BD978F /* DeletePhoto.swift */; };
		E088185321743DBD001AAE4F /* Gallery.swift in Sources */ = {isa = PBXBuildFile; fileRef = E088185021743DBD001AAE4F /* Gallery.swift */; };
		E088185521743DBD001AAE4F /* ImagePreviewVC.swift in Sources */ = {isa = PBXBuildFile; fileRef = E088185221743DBD001AAE4F /* ImagePreviewVC.swift */; };
		E0A3A0E72174161200774E32 /* GoogleService-Info.plist in Resources */ = {isa = PBXBuildFile; fileRef = E0A3A0E62174161100774E32 /* GoogleService-Info.plist */; };
		E0C7CC5021731C8500B88962 /* View2.swift in Sources */ = {isa = PBXBuildFile; fileRef = E0C7CC4F21731C8400B88962 /* View2.swift */; };
		E8C13F79B827FFA40F020BCD /* Pods_AV_Foundation.framework in Frameworks */ = {isa = PBXBuildFile; fileRef = 286433E4C985C6A39EE86AB1 /* Pods_AV_Foundation.framework */; };
		F4D077821EDC0A91001B0881 /* CameraController.swift in Sources */ = {isa = PBXBuildFile; fileRef = F4D077811EDC0A91001B0881 /* CameraController.swift */; };
/* End PBXBuildFile section */

/* Begin PBXFileReference section */
		122CB92DC078496123DE2F96 /* Pods-AV Foundation.debug.xcconfig */ = {isa = PBXFileReference; includeInIndex = 1; lastKnownFileType = text.xcconfig; name = "Pods-AV Foundation.debug.xcconfig"; path = "Pods/Target Support Files/Pods-AV Foundation/Pods-AV Foundation.debug.xcconfig"; sourceTree = "<group>"; };
		286433E4C985C6A39EE86AB1 /* Pods_AV_Foundation.framework */ = {isa = PBXFileReference; explicitFileType = wrapper.framework; includeInIndex = 0; path = Pods_AV_Foundation.framework; sourceTree = BUILT_PRODUCTS_DIR; };
		AF7DD4CF1ED3AA28005C880E /* PSS.app */ = {isa = PBXFileReference; explicitFileType = wrapper.application; includeInIndex = 0; path = PSS.app; sourceTree = BUILT_PRODUCTS_DIR; };
		AF7DD4D21ED3AA28005C880E /* AppDelegate.swift */ = {isa = PBXFileReference; lastKnownFileType = sourcecode.swift; path = AppDelegate.swift; sourceTree = "<group>"; };
		AF7DD4D41ED3AA28005C880E /* CameraMode.swift */ = {isa = PBXFileReference; lastKnownFileType = sourcecode.swift; name = CameraMode.swift; path = "AV Foundation/CameraMode.swift"; sourceTree = "<group>"; };
		AF7DD4D71ED3AA28005C880E /* Base */ = {isa = PBXFileReference; lastKnownFileType = file.storyboard; name = Base; path = Base.lproj/Main.storyboard; sourceTree = "<group>"; };
		AF7DD4D91ED3AA28005C880E /* Assets.xcassets */ = {isa = PBXFileReference; lastKnownFileType = folder.assetcatalog; name = Assets.xcassets; path = "AV Foundation/Assets.xcassets"; sourceTree = "<group>"; };
		AF7DD4DC1ED3AA28005C880E /* Base */ = {isa = PBXFileReference; lastKnownFileType = file.storyboard; name = Base; path = Base.lproj/LaunchScreen.storyboard; sourceTree = "<group>"; };
		AF7DD4DE1ED3AA28005C880E /* Info.plist */ = {isa = PBXFileReference; lastKnownFileType = text.plist.xml; path = Info.plist; sourceTree = "<group>"; };
		D5E02D1C9366C3C5D3892663 /* Pods-AV Foundation.release.xcconfig */ = {isa = PBXFileReference; includeInIndex = 1; lastKnownFileType = text.xcconfig; name = "Pods-AV Foundation.release.xcconfig"; path = "Pods/Target Support Files/Pods-AV Foundation/Pods-AV Foundation.release.xcconfig"; sourceTree = "<group>"; };
		E04895C12175040800BD978F /* DeletePhoto.swift */ = {isa = PBXFileReference; lastKnownFileType = sourcecode.swift; path = DeletePhoto.swift; sourceTree = "<group>"; };
		E088185021743DBD001AAE4F /* Gallery.swift */ = {isa = PBXFileReference; fileEncoding = 4; lastKnownFileType = sourcecode.swift; path = Gallery.swift; sourceTree = "<group>"; };
		E088185221743DBD001AAE4F /* ImagePreviewVC.swift */ = {isa = PBXFileReference; fileEncoding = 4; lastKnownFileType = sourcecode.swift; path = ImagePreviewVC.swift; sourceTree = "<group>"; };
		E0A3A0E62174161100774E32 /* GoogleService-Info.plist */ = {isa = PBXFileReference; fileEncoding = 4; lastKnownFileType = text.plist.xml; path = "GoogleService-Info.plist"; sourceTree = "<group>"; };
		E0C7CC4F21731C8400B88962 /* View2.swift */ = {isa = PBXFileReference; fileEncoding = 4; lastKnownFileType = sourcecode.swift; path = View2.swift; sourceTree = "<group>"; };
		F4D077811EDC0A91001B0881 /* CameraController.swift */ = {isa = PBXFileReference; fileEncoding = 4; lastKnownFileType = sourcecode.swift; path = CameraController.swift; sourceTree = "<group>"; };
/* End PBXFileReference section */

/* Begin PBXFrameworksBuildPhase section */
		AF7DD4CC1ED3AA28005C880E /* Frameworks */ = {
			isa = PBXFrameworksBuildPhase;
			buildActionMask = 2147483647;
			files = (
				E8C13F79B827FFA40F020BCD /* Pods_AV_Foundation.framework in Frameworks */,
			);
			runOnlyForDeploymentPostprocessing = 0;
		};
/* End PBXFrameworksBuildPhase section */

/* Begin PBXGroup section */
		07F0855937EE85E0A6F9129A /* Pods */ = {
			isa = PBXGroup;
			children = (
				122CB92DC078496123DE2F96 /* Pods-AV Foundation.debug.xcconfig */,
				D5E02D1C9366C3C5D3892663 /* Pods-AV Foundation.release.xcconfig */,
			);
			name = Pods;
			sourceTree = "<group>";
		};
		9821370168561AC5AC32A5A2 /* Frameworks */ = {
			isa = PBXGroup;
			children = (
				286433E4C985C6A39EE86AB1 /* Pods_AV_Foundation.framework */,
			);
			name = Frameworks;
			sourceTree = "<group>";
		};
		AF7DD4C61ED3AA28005C880E = {
			isa = PBXGroup;
			children = (
				E04895C12175040800BD978F /* DeletePhoto.swift */,
				E088185021743DBD001AAE4F /* Gallery.swift */,
				E088185221743DBD001AAE4F /* ImagePreviewVC.swift */,
				AF7DD4D41ED3AA28005C880E /* CameraMode.swift */,
				F4D077811EDC0A91001B0881 /* CameraController.swift */,
				AF7DD4D61ED3AA28005C880E /* Main.storyboard */,
				E0C7CC4F21731C8400B88962 /* View2.swift */,
				E0A3A0E62174161100774E32 /* GoogleService-Info.plist */,
				AF7DD4D91ED3AA28005C880E /* Assets.xcassets */,
				AF7DD4D11ED3AA28005C880E /* AV Foundation */,
				AF7DD4D01ED3AA28005C880E /* Products */,
				07F0855937EE85E0A6F9129A /* Pods */,
				9821370168561AC5AC32A5A2 /* Frameworks */,
			);
			sourceTree = "<group>";
		};
		AF7DD4D01ED3AA28005C880E /* Products */ = {
			isa = PBXGroup;
			children = (
				AF7DD4CF1ED3AA28005C880E /* PSS.app */,
			);
			name = Products;
			sourceTree = "<group>";
		};
		AF7DD4D11ED3AA28005C880E /* AV Foundation */ = {
			isa = PBXGroup;
			children = (
				AF7DD4D21ED3AA28005C880E /* AppDelegate.swift */,
				AF7DD4DB1ED3AA28005C880E /* LaunchScreen.storyboard */,
				AF7DD4DE1ED3AA28005C880E /* Info.plist */,
			);
			path = "AV Foundation";
			sourceTree = "<group>";
		};
/* End PBXGroup section */

/* Begin PBXNativeTarget section */
		AF7DD4CE1ED3AA28005C880E /* PSS */ = {
			isa = PBXNativeTarget;
			buildConfigurationList = AF7DD4E11ED3AA28005C880E /* Build configuration list for PBXNativeTarget "PSS" */;
			buildPhases = (
				45DD49A95AD3FCE9AF9DAC1C /* [CP] Check Pods Manifest.lock */,
				AF7DD4CB1ED3AA28005C880E /* Sources */,
				AF7DD4CC1ED3AA28005C880E /* Frameworks */,
				AF7DD4CD1ED3AA28005C880E /* Resources */,
				3D9BDF31A8762B693E8C0B55 /* [CP] Embed Pods Frameworks */,
			);
			buildRules = (
			);
			dependencies = (
			);
			name = PSS;
			productName = "AV Foundation";
			productReference = AF7DD4CF1ED3AA28005C880E /* PSS.app */;
			productType = "com.apple.product-type.application";
		};
/* End PBXNativeTarget section */

/* Begin PBXProject section */
		AF7DD4C71ED3AA28005C880E /* Project object */ = {
			isa = PBXProject;
			attributes = {
				LastSwiftUpdateCheck = 0830;
				LastUpgradeCheck = 0930;
				ORGANIZATIONNAME = CMPT275_G3;
				TargetAttributes = {
					AF7DD4CE1ED3AA28005C880E = {
						CreatedOnToolsVersion = 8.3.2;
						DevelopmentTeam = LW8A5954FT;
						LastSwiftMigration = 0930;
						ProvisioningStyle = Automatic;
					};
				};
			};
			buildConfigurationList = AF7DD4CA1ED3AA28005C880E /* Build configuration list for PBXProject "PSS" */;
			compatibilityVersion = "Xcode 3.2";
			developmentRegion = English;
			hasScannedForEncodings = 0;
			knownRegions = (
				en,
				Base,
			);
			mainGroup = AF7DD4C61ED3AA28005C880E;
			productRefGroup = AF7DD4D01ED3AA28005C880E /* Products */;
			projectDirPath = "";
			projectRoot = "";
			targets = (
				AF7DD4CE1ED3AA28005C880E /* PSS */,
			);
		};
/* End PBXProject section */

/* Begin PBXResourcesBuildPhase section */
		AF7DD4CD1ED3AA28005C880E /* Resources */ = {
			isa = PBXResourcesBuildPhase;
			buildActionMask = 2147483647;
			files = (
				AF7DD4DD1ED3AA28005C880E /* LaunchScreen.storyboard in Resources */,
				E0A3A0E72174161200774E32 /* GoogleService-Info.plist in Resources */,
				AF7DD4DA1ED3AA28005C880E /* Assets.xcassets in Resources */,
				AF7DD4D81ED3AA28005C880E /* Main.storyboard in Resources */,
			);
			runOnlyForDeploymentPostprocessing = 0;
		};
/* End PBXResourcesBuildPhase section */

/* Begin PBXShellScriptBuildPhase section */
		3D9BDF31A8762B693E8C0B55 /* [CP] Embed Pods Frameworks */ = {
			isa = PBXShellScriptBuildPhase;
			buildActionMask = 2147483647;
			files = (
			);
			inputFileListPaths = (
			);
			inputPaths = (
				"${SRCROOT}/Pods/Target Support Files/Pods-AV Foundation/Pods-AV Foundation-frameworks.sh",
				"${BUILT_PRODUCTS_DIR}/GTMSessionFetcher/GTMSessionFetcher.framework",
				"${BUILT_PRODUCTS_DIR}/GoogleUtilities/GoogleUtilities.framework",
				"${BUILT_PRODUCTS_DIR}/nanopb/nanopb.framework",
			);
			name = "[CP] Embed Pods Frameworks";
			outputFileListPaths = (
			);
			outputPaths = (
				"${TARGET_BUILD_DIR}/${FRAMEWORKS_FOLDER_PATH}/GTMSessionFetcher.framework",
				"${TARGET_BUILD_DIR}/${FRAMEWORKS_FOLDER_PATH}/GoogleUtilities.framework",
				"${TARGET_BUILD_DIR}/${FRAMEWORKS_FOLDER_PATH}/nanopb.framework",
			);
			runOnlyForDeploymentPostprocessing = 0;
			shellPath = /bin/sh;
			shellScript = "\"${SRCROOT}/Pods/Target Support Files/Pods-AV Foundation/Pods-AV Foundation-frameworks.sh\"\n";
			showEnvVarsInLog = 0;
		};
		45DD49A95AD3FCE9AF9DAC1C /* [CP] Check Pods Manifest.lock */ = {
			isa = PBXShellScriptBuildPhase;
			buildActionMask = 2147483647;
			files = (
			);
			inputFileListPaths = (
			);
			inputPaths = (
				"${PODS_PODFILE_DIR_PATH}/Podfile.lock",
				"${PODS_ROOT}/Manifest.lock",
			);
			name = "[CP] Check Pods Manifest.lock";
			outputFileListPaths = (
			);
			outputPaths = (
				"$(DERIVED_FILE_DIR)/Pods-AV Foundation-checkManifestLockResult.txt",
			);
			runOnlyForDeploymentPostprocessing = 0;
			shellPath = /bin/sh;
			shellScript = "diff \"${PODS_PODFILE_DIR_PATH}/Podfile.lock\" \"${PODS_ROOT}/Manifest.lock\" > /dev/null\nif [ $? != 0 ] ; then\n    # print error to STDERR\n    echo \"error: The sandbox is not in sync with the Podfile.lock. Run 'pod install' or update your CocoaPods installation.\" >&2\n    exit 1\nfi\n# This output is used by Xcode 'outputs' to avoid re-running this script phase.\necho \"SUCCESS\" > \"${SCRIPT_OUTPUT_FILE_0}\"\n";
			showEnvVarsInLog = 0;
		};
/* End PBXShellScriptBuildPhase section */

/* Begin PBXSourcesBuildPhase section */
		AF7DD4CB1ED3AA28005C880E /* Sources */ = {
			isa = PBXSourcesBuildPhase;
			buildActionMask = 2147483647;
			files = (
				E088185321743DBD001AAE4F /* Gallery.swift in Sources */,
				F4D077821EDC0A91001B0881 /* CameraController.swift in Sources */,
				AF7DD4D51ED3AA28005C880E /* CameraMode.swift in Sources */,
				AF7DD4D31ED3AA28005C880E /* AppDelegate.swift in Sources */,
				E088185521743DBD001AAE4F /* ImagePreviewVC.swift in Sources */,
				E0C7CC5021731C8500B88962 /* View2.swift in Sources */,
				E04895C22175040800BD978F /* DeletePhoto.swift in Sources */,
			);
			runOnlyForDeploymentPostprocessing = 0;
		};
/* End PBXSourcesBuildPhase section */

/* Begin PBXVariantGroup section */
		AF7DD4D61ED3AA28005C880E /* Main.storyboard */ = {
			isa = PBXVariantGroup;
			children = (
				AF7DD4D71ED3AA28005C880E /* Base */,
			);
			name = Main.storyboard;
			path = "AV Foundation";
			sourceTree = "<group>";
		};
		AF7DD4DB1ED3AA28005C880E /* LaunchScreen.storyboard */ = {
			isa = PBXVariantGroup;
			children = (
				AF7DD4DC1ED3AA28005C880E /* Base */,
			);
			name = LaunchScreen.storyboard;
			sourceTree = "<group>";
		};
/* End PBXVariantGroup section */

/* Begin XCBuildConfiguration section */
		AF7DD4DF1ED3AA28005C880E /* Debug */ = {
			isa = XCBuildConfiguration;
			buildSettings = {
				ALWAYS_SEARCH_USER_PATHS = NO;
				CLANG_ANALYZER_NONNULL = YES;
				CLANG_ANALYZER_NUMBER_OBJECT_CONVERSION = YES_AGGRESSIVE;
				CLANG_CXX_LANGUAGE_STANDARD = "gnu++0x";
				CLANG_CXX_LIBRARY = "libc++";
				CLANG_ENABLE_MODULES = YES;
				CLANG_ENABLE_OBJC_ARC = YES;
				CLANG_WARN_BLOCK_CAPTURE_AUTORELEASING = YES;
				CLANG_WARN_BOOL_CONVERSION = YES;
				CLANG_WARN_COMMA = YES;
				CLANG_WARN_CONSTANT_CONVERSION = YES;
				CLANG_WARN_DEPRECATED_OBJC_IMPLEMENTATIONS = YES;
				CLANG_WARN_DIRECT_OBJC_ISA_USAGE = YES_ERROR;
				CLANG_WARN_DOCUMENTATION_COMMENTS = YES;
				CLANG_WARN_EMPTY_BODY = YES;
				CLANG_WARN_ENUM_CONVERSION = YES;
				CLANG_WARN_INFINITE_RECURSION = YES;
				CLANG_WARN_INT_CONVERSION = YES;
				CLANG_WARN_NON_LITERAL_NULL_CONVERSION = YES;
				CLANG_WARN_OBJC_IMPLICIT_RETAIN_SELF = YES;
				CLANG_WARN_OBJC_LITERAL_CONVERSION = YES;
				CLANG_WARN_OBJC_ROOT_CLASS = YES_ERROR;
				CLANG_WARN_RANGE_LOOP_ANALYSIS = YES;
				CLANG_WARN_STRICT_PROTOTYPES = YES;
				CLANG_WARN_SUSPICIOUS_MOVE = YES;
				CLANG_WARN_UNREACHABLE_CODE = YES;
				CLANG_WARN__DUPLICATE_METHOD_MATCH = YES;
				"CODE_SIGN_IDENTITY[sdk=iphoneos*]" = "iPhone Developer";
				COPY_PHASE_STRIP = NO;
				DEBUG_INFORMATION_FORMAT = dwarf;
				ENABLE_STRICT_OBJC_MSGSEND = YES;
				ENABLE_TESTABILITY = YES;
				GCC_C_LANGUAGE_STANDARD = gnu99;
				GCC_DYNAMIC_NO_PIC = NO;
				GCC_NO_COMMON_BLOCKS = YES;
				GCC_OPTIMIZATION_LEVEL = 0;
				GCC_PREPROCESSOR_DEFINITIONS = (
					"DEBUG=1",
					"$(inherited)",
				);
				GCC_WARN_64_TO_32_BIT_CONVERSION = YES;
				GCC_WARN_ABOUT_RETURN_TYPE = YES_ERROR;
				GCC_WARN_UNDECLARED_SELECTOR = YES;
				GCC_WARN_UNINITIALIZED_AUTOS = YES_AGGRESSIVE;
				GCC_WARN_UNUSED_FUNCTION = YES;
				GCC_WARN_UNUSED_VARIABLE = YES;
				IPHONEOS_DEPLOYMENT_TARGET = 10.3;
				MTL_ENABLE_DEBUG_INFO = YES;
				ONLY_ACTIVE_ARCH = YES;
				SDKROOT = iphoneos;
				SWIFT_ACTIVE_COMPILATION_CONDITIONS = DEBUG;
				SWIFT_OPTIMIZATION_LEVEL = "-Onone";
			};
			name = Debug;
		};
		AF7DD4E01ED3AA28005C880E /* Release */ = {
			isa = XCBuildConfiguration;
			buildSettings = {
				ALWAYS_SEARCH_USER_PATHS = NO;
				CLANG_ANALYZER_NONNULL = YES;
				CLANG_ANALYZER_NUMBER_OBJECT_CONVERSION = YES_AGGRESSIVE;
				CLANG_CXX_LANGUAGE_STANDARD = "gnu++0x";
				CLANG_CXX_LIBRARY = "libc++";
				CLANG_ENABLE_MODULES = YES;
				CLANG_ENABLE_OBJC_ARC = YES;
				CLANG_WARN_BLOCK_CAPTURE_AUTORELEASING = YES;
				CLANG_WARN_BOOL_CONVERSION = YES;
				CLANG_WARN_COMMA = YES;
				CLANG_WARN_CONSTANT_CONVERSION = YES;
				CLANG_WARN_DEPRECATED_OBJC_IMPLEMENTATIONS = YES;
				CLANG_WARN_DIRECT_OBJC_ISA_USAGE = YES_ERROR;
				CLANG_WARN_DOCUMENTATION_COMMENTS = YES;
				CLANG_WARN_EMPTY_BODY = YES;
				CLANG_WARN_ENUM_CONVERSION = YES;
				CLANG_WARN_INFINITE_RECURSION = YES;
				CLANG_WARN_INT_CONVERSION = YES;
				CLANG_WARN_NON_LITERAL_NULL_CONVERSION = YES;
				CLANG_WARN_OBJC_IMPLICIT_RETAIN_SELF = YES;
				CLANG_WARN_OBJC_LITERAL_CONVERSION = YES;
				CLANG_WARN_OBJC_ROOT_CLASS = YES_ERROR;
				CLANG_WARN_RANGE_LOOP_ANALYSIS = YES;
				CLANG_WARN_STRICT_PROTOTYPES = YES;
				CLANG_WARN_SUSPICIOUS_MOVE = YES;
				CLANG_WARN_UNREACHABLE_CODE = YES;
				CLANG_WARN__DUPLICATE_METHOD_MATCH = YES;
				"CODE_SIGN_IDENTITY[sdk=iphoneos*]" = "iPhone Developer";
				COPY_PHASE_STRIP = NO;
				DEBUG_INFORMATION_FORMAT = "dwarf-with-dsym";
				ENABLE_NS_ASSERTIONS = NO;
				ENABLE_STRICT_OBJC_MSGSEND = YES;
				GCC_C_LANGUAGE_STANDARD = gnu99;
				GCC_NO_COMMON_BLOCKS = YES;
				GCC_WARN_64_TO_32_BIT_CONVERSION = YES;
				GCC_WARN_ABOUT_RETURN_TYPE = YES_ERROR;
				GCC_WARN_UNDECLARED_SELECTOR = YES;
				GCC_WARN_UNINITIALIZED_AUTOS = YES_AGGRESSIVE;
				GCC_WARN_UNUSED_FUNCTION = YES;
				GCC_WARN_UNUSED_VARIABLE = YES;
				IPHONEOS_DEPLOYMENT_TARGET = 10.3;
				MTL_ENABLE_DEBUG_INFO = NO;
				SDKROOT = iphoneos;
				SWIFT_OPTIMIZATION_LEVEL = "-Owholemodule";
				VALIDATE_PRODUCT = YES;
			};
			name = Release;
		};
		AF7DD4E21ED3AA28005C880E /* Debug */ = {
			isa = XCBuildConfiguration;
			baseConfigurationReference = 122CB92DC078496123DE2F96 /* Pods-AV Foundation.debug.xcconfig */;
			buildSettings = {
				ASSETCATALOG_COMPILER_APPICON_NAME = AppIcon;
				DEVELOPMENT_TEAM = LW8A5954FT;
				INFOPLIST_FILE = "AV Foundation/Info.plist";
				IPHONEOS_DEPLOYMENT_TARGET = 11.0;
				LD_RUNPATH_SEARCH_PATHS = "$(inherited) @executable_path/Frameworks";
				PRODUCT_BUNDLE_IDENTIFIER = cmpt275.group3.pss;
				PRODUCT_NAME = "$(TARGET_NAME)";
				SWIFT_SWIFT3_OBJC_INFERENCE = Default;
				SWIFT_VERSION = 4.0;
			};
			name = Debug;
		};
		AF7DD4E31ED3AA28005C880E /* Release */ = {
			isa = XCBuildConfiguration;
			baseConfigurationReference = D5E02D1C9366C3C5D3892663 /* Pods-AV Foundation.release.xcconfig */;
			buildSettings = {
				ASSETCATALOG_COMPILER_APPICON_NAME = AppIcon;
				DEVELOPMENT_TEAM = LW8A5954FT;
				INFOPLIST_FILE = "AV Foundation/Info.plist";
				IPHONEOS_DEPLOYMENT_TARGET = 11.0;
				LD_RUNPATH_SEARCH_PATHS = "$(inherited) @executable_path/Frameworks";
				PRODUCT_BUNDLE_IDENTIFIER = cmpt275.group3.pss;
				PRODUCT_NAME = "$(TARGET_NAME)";
				SWIFT_SWIFT3_OBJC_INFERENCE = Default;
				SWIFT_VERSION = 4.0;
			};
			name = Release;
		};
/* End XCBuildConfiguration section */

/* Begin XCConfigurationList section */
		AF7DD4CA1ED3AA28005C880E /* Build configuration list for PBXProject "PSS" */ = {
			isa = XCConfigurationList;
			buildConfigurations = (
				AF7DD4DF1ED3AA28005C880E /* Debug */,
				AF7DD4E01ED3AA28005C880E /* Release */,
			);
			defaultConfigurationIsVisible = 0;
			defaultConfigurationName = Release;
		};
		AF7DD4E11ED3AA28005C880E /* Build configuration list for PBXNativeTarget "PSS" */ = {
			isa = XCConfigurationList;
			buildConfigurations = (
				AF7DD4E21ED3AA28005C880E /* Debug */,
				AF7DD4E31ED3AA28005C880E /* Release */,
			);
			defaultConfigurationIsVisible = 0;
			defaultConfigurationName = Release;
		};
/* End XCConfigurationList section */
	};
	rootObject = AF7DD4C71ED3AA28005C880E /* Project object */;
}
